{
  "name": "rest-express",
  "version": "1.0.0",
  "lockfileVersion": 3,
  "packages": {},
  "dependencies": {
    "vite": {
      "version": "^5.4.14",
      "resolved": "https://registry.npmjs.org/vite/-/vite-5.4.14.tgz",
      "integrity": "sha512-placeholder-vite"
    },
    "@replit/vite-plugin-cartographer": {
      "version": "^0.1.4",
      "resolved": "https://registry.npmjs.org/@replit/vite-plugin-cartographer/-/vite-plugin-cartographer-0.1.4.tgz",
      "integrity": "sha512-placeholder-cartographer"
    }
  }
}